// !$*UTF8*$!
{
	archiveVersion = 1;
	classes = {
	};
	objectVersion = 56;
	objects = {

/* Begin PBXBuildFile section */
		FE7CC2E22997C9D200F66E82 /* HavetoApp.swift in Sources */ = {isa = PBXBuildFile; fileRef = FE7CC2E12997C9D200F66E82 /* HavetoApp.swift */; };
		FE7CC2E42997C9D200F66E82 /* ContentView.swift in Sources */ = {isa = PBXBuildFile; fileRef = FE7CC2E32997C9D200F66E82 /* ContentView.swift */; };
		FE7CC2E62997C9D300F66E82 /* Assets.xcassets in Resources */ = {isa = PBXBuildFile; fileRef = FE7CC2E52997C9D300F66E82 /* Assets.xcassets */; };
		FE7CC2E92997C9D300F66E82 /* Preview Assets.xcassets in Resources */ = {isa = PBXBuildFile; fileRef = FE7CC2E82997C9D300F66E82 /* Preview Assets.xcassets */; };
		FE7CC2F32997C9D300F66E82 /* HavetoTests.swift in Sources */ = {isa = PBXBuildFile; fileRef = FE7CC2F22997C9D300F66E82 /* HavetoTests.swift */; };
		FE7CC2FD2997C9D300F66E82 /* HavetoUITests.swift in Sources */ = {isa = PBXBuildFile; fileRef = FE7CC2FC2997C9D300F66E82 /* HavetoUITests.swift */; };
		FE7CC2FF2997C9D300F66E82 /* HavetoUITestsLaunchTests.swift in Sources */ = {isa = PBXBuildFile; fileRef = FE7CC2FE2997C9D300F66E82 /* HavetoUITestsLaunchTests.swift */; };
		FECF0D7D29A773E40023CD27 /* SignInView.swift in Sources */ = {isa = PBXBuildFile; fileRef = FECF0D7C29A773E40023CD27 /* SignInView.swift */; };
		FECF0D8529A786CB0023CD27 /* FirebaseAuth in Frameworks */ = {isa = PBXBuildFile; productRef = FECF0D8429A786CB0023CD27 /* FirebaseAuth */; };
		FECF0D8729A787280023CD27 /* GoogleService-Info.plist in Resources */ = {isa = PBXBuildFile; fileRef = FECF0D8629A787280023CD27 /* GoogleService-Info.plist */; };
		FECF0D8A29A794050023CD27 /* SignInViewModel.swift in Sources */ = {isa = PBXBuildFile; fileRef = FECF0D8929A794050023CD27 /* SignInViewModel.swift */; };
		FECF0D9629A7B78C0023CD27 /* GoogleSignIn in Frameworks */ = {isa = PBXBuildFile; productRef = FECF0D9529A7B78C0023CD27 /* GoogleSignIn */; };
		FECF0D9829A7B78C0023CD27 /* GoogleSignInSwift in Frameworks */ = {isa = PBXBuildFile; productRef = FECF0D9729A7B78C0023CD27 /* GoogleSignInSwift */; };
		FECF0D9A29A7B8560023CD27 /* HomeView.swift in Sources */ = {isa = PBXBuildFile; fileRef = FECF0D9929A7B8560023CD27 /* HomeView.swift */; };
		FEDF30E22997CC9600FF1859 /* SplashScreenView.swift in Sources */ = {isa = PBXBuildFile; fileRef = FEDF30E12997CC9600FF1859 /* SplashScreenView.swift */; };
		FEDF30E42997CCD100FF1859 /* SplashScreenViewModel.swift in Sources */ = {isa = PBXBuildFile; fileRef = FEDF30E32997CCD100FF1859 /* SplashScreenViewModel.swift */; };
		FEDF30E72997D13500FF1859 /* SearchView.swift in Sources */ = {isa = PBXBuildFile; fileRef = FEDF30E62997D13500FF1859 /* SearchView.swift */; };
		FEDF30E92997D14600FF1859 /* ProfileView.swift in Sources */ = {isa = PBXBuildFile; fileRef = FEDF30E82997D14600FF1859 /* ProfileView.swift */; };
/* End PBXBuildFile section */

/* Begin PBXContainerItemProxy section */
		FE7CC2EF2997C9D300F66E82 /* PBXContainerItemProxy */ = {
			isa = PBXContainerItemProxy;
			containerPortal = FE7CC2D62997C9D200F66E82 /* Project object */;
			proxyType = 1;
			remoteGlobalIDString = FE7CC2DD2997C9D200F66E82;
			remoteInfo = Haveto;
		};
		FE7CC2F92997C9D300F66E82 /* PBXContainerItemProxy */ = {
			isa = PBXContainerItemProxy;
			containerPortal = FE7CC2D62997C9D200F66E82 /* Project object */;
			proxyType = 1;
			remoteGlobalIDString = FE7CC2DD2997C9D200F66E82;
			remoteInfo = Haveto;
		};
/* End PBXContainerItemProxy section */

/* Begin PBXFileReference section */
		FE7CC2DE2997C9D200F66E82 /* Haveto.app */ = {isa = PBXFileReference; explicitFileType = wrapper.application; includeInIndex = 0; path = Haveto.app; sourceTree = BUILT_PRODUCTS_DIR; };
		FE7CC2E12997C9D200F66E82 /* HavetoApp.swift */ = {isa = PBXFileReference; lastKnownFileType = sourcecode.swift; path = HavetoApp.swift; sourceTree = "<group>"; };
		FE7CC2E32997C9D200F66E82 /* ContentView.swift */ = {isa = PBXFileReference; lastKnownFileType = sourcecode.swift; path = ContentView.swift; sourceTree = "<group>"; };
		FE7CC2E52997C9D300F66E82 /* Assets.xcassets */ = {isa = PBXFileReference; lastKnownFileType = folder.assetcatalog; path = Assets.xcassets; sourceTree = "<group>"; };
		FE7CC2E82997C9D300F66E82 /* Preview Assets.xcassets */ = {isa = PBXFileReference; lastKnownFileType = folder.assetcatalog; path = "Preview Assets.xcassets"; sourceTree = "<group>"; };
		FE7CC2EE2997C9D300F66E82 /* HavetoTests.xctest */ = {isa = PBXFileReference; explicitFileType = wrapper.cfbundle; includeInIndex = 0; path = HavetoTests.xctest; sourceTree = BUILT_PRODUCTS_DIR; };
		FE7CC2F22997C9D300F66E82 /* HavetoTests.swift */ = {isa = PBXFileReference; lastKnownFileType = sourcecode.swift; path = HavetoTests.swift; sourceTree = "<group>"; };
		FE7CC2F82997C9D300F66E82 /* HavetoUITests.xctest */ = {isa = PBXFileReference; explicitFileType = wrapper.cfbundle; includeInIndex = 0; path = HavetoUITests.xctest; sourceTree = BUILT_PRODUCTS_DIR; };
		FE7CC2FC2997C9D300F66E82 /* HavetoUITests.swift */ = {isa = PBXFileReference; lastKnownFileType = sourcecode.swift; path = HavetoUITests.swift; sourceTree = "<group>"; };
		FE7CC2FE2997C9D300F66E82 /* HavetoUITestsLaunchTests.swift */ = {isa = PBXFileReference; lastKnownFileType = sourcecode.swift; path = HavetoUITestsLaunchTests.swift; sourceTree = "<group>"; };
		FECF0D7C29A773E40023CD27 /* SignInView.swift */ = {isa = PBXFileReference; lastKnownFileType = sourcecode.swift; path = SignInView.swift; sourceTree = "<group>"; };
		FECF0D8629A787280023CD27 /* GoogleService-Info.plist */ = {isa = PBXFileReference; fileEncoding = 4; lastKnownFileType = text.plist.xml; path = "GoogleService-Info.plist"; sourceTree = "<group>"; };
		FECF0D8829A793D10023CD27 /* Info.plist */ = {isa = PBXFileReference; lastKnownFileType = text.plist; path = Info.plist; sourceTree = "<group>"; };
		FECF0D8929A794050023CD27 /* SignInViewModel.swift */ = {isa = PBXFileReference; lastKnownFileType = sourcecode.swift; path = SignInViewModel.swift; sourceTree = "<group>"; };
		FECF0D9929A7B8560023CD27 /* HomeView.swift */ = {isa = PBXFileReference; lastKnownFileType = sourcecode.swift; path = HomeView.swift; sourceTree = "<group>"; };
		FEDF30E12997CC9600FF1859 /* SplashScreenView.swift */ = {isa = PBXFileReference; lastKnownFileType = sourcecode.swift; path = SplashScreenView.swift; sourceTree = "<group>"; };
		FEDF30E32997CCD100FF1859 /* SplashScreenViewModel.swift */ = {isa = PBXFileReference; lastKnownFileType = sourcecode.swift; path = SplashScreenViewModel.swift; sourceTree = "<group>"; };
		FEDF30E62997D13500FF1859 /* SearchView.swift */ = {isa = PBXFileReference; lastKnownFileType = sourcecode.swift; path = SearchView.swift; sourceTree = "<group>"; };
		FEDF30E82997D14600FF1859 /* ProfileView.swift */ = {isa = PBXFileReference; lastKnownFileType = sourcecode.swift; path = ProfileView.swift; sourceTree = "<group>"; };
/* End PBXFileReference section */

/* Begin PBXFrameworksBuildPhase section */
		FE7CC2DB2997C9D200F66E82 /* Frameworks */ = {
			isa = PBXFrameworksBuildPhase;
			buildActionMask = 2147483647;
			files = (
				FECF0D9829A7B78C0023CD27 /* GoogleSignInSwift in Frameworks */,
				FECF0D8529A786CB0023CD27 /* FirebaseAuth in Frameworks */,
				FECF0D9629A7B78C0023CD27 /* GoogleSignIn in Frameworks */,
			);
			runOnlyForDeploymentPostprocessing = 0;
		};
		FE7CC2EB2997C9D300F66E82 /* Frameworks */ = {
			isa = PBXFrameworksBuildPhase;
			buildActionMask = 2147483647;
			files = (
			);
			runOnlyForDeploymentPostprocessing = 0;
		};
		FE7CC2F52997C9D300F66E82 /* Frameworks */ = {
			isa = PBXFrameworksBuildPhase;
			buildActionMask = 2147483647;
			files = (
			);
			runOnlyForDeploymentPostprocessing = 0;
		};
/* End PBXFrameworksBuildPhase section */

/* Begin PBXGroup section */
		FE7CC2D52997C9D200F66E82 = {
			isa = PBXGroup;
			children = (
				FE7CC2E02997C9D200F66E82 /* Haveto */,
				FE7CC2F12997C9D300F66E82 /* HavetoTests */,
				FE7CC2FB2997C9D300F66E82 /* HavetoUITests */,
				FE7CC2DF2997C9D200F66E82 /* Products */,
			);
			sourceTree = "<group>";
		};
		FE7CC2DF2997C9D200F66E82 /* Products */ = {
			isa = PBXGroup;
			children = (
				FE7CC2DE2997C9D200F66E82 /* Haveto.app */,
				FE7CC2EE2997C9D300F66E82 /* HavetoTests.xctest */,
				FE7CC2F82997C9D300F66E82 /* HavetoUITests.xctest */,
			);
			name = Products;
			sourceTree = "<group>";
		};
		FE7CC2E02997C9D200F66E82 /* Haveto */ = {
			isa = PBXGroup;
			children = (
				FECF0D8829A793D10023CD27 /* Info.plist */,
				FECF0D8629A787280023CD27 /* GoogleService-Info.plist */,
				FE7CC30B2997CBA700F66E82 /* Application */,
				FE7CC30C2997CBB100F66E82 /* Views */,
				FEDF30E52997CCD700FF1859 /* ViewModels */,
				FE7CC2E52997C9D300F66E82 /* Assets.xcassets */,
				FE7CC2E72997C9D300F66E82 /* Preview Content */,
			);
			path = Haveto;
			sourceTree = "<group>";
		};
		FE7CC2E72997C9D300F66E82 /* Preview Content */ = {
			isa = PBXGroup;
			children = (
				FE7CC2E82997C9D300F66E82 /* Preview Assets.xcassets */,
			);
			path = "Preview Content";
			sourceTree = "<group>";
		};
		FE7CC2F12997C9D300F66E82 /* HavetoTests */ = {
			isa = PBXGroup;
			children = (
				FE7CC2F22997C9D300F66E82 /* HavetoTests.swift */,
			);
			path = HavetoTests;
			sourceTree = "<group>";
		};
		FE7CC2FB2997C9D300F66E82 /* HavetoUITests */ = {
			isa = PBXGroup;
			children = (
				FE7CC2FC2997C9D300F66E82 /* HavetoUITests.swift */,
				FE7CC2FE2997C9D300F66E82 /* HavetoUITestsLaunchTests.swift */,
			);
			path = HavetoUITests;
			sourceTree = "<group>";
		};
		FE7CC30B2997CBA700F66E82 /* Application */ = {
			isa = PBXGroup;
			children = (
				FE7CC2E12997C9D200F66E82 /* HavetoApp.swift */,
			);
			path = Application;
			sourceTree = "<group>";
		};
		FE7CC30C2997CBB100F66E82 /* Views */ = {
			isa = PBXGroup;
			children = (
				FEDF30E12997CC9600FF1859 /* SplashScreenView.swift */,
				FECF0D7C29A773E40023CD27 /* SignInView.swift */,
				FE7CC2E32997C9D200F66E82 /* ContentView.swift */,
				FECF0D9929A7B8560023CD27 /* HomeView.swift */,
				FEDF30E62997D13500FF1859 /* SearchView.swift */,
				FEDF30E82997D14600FF1859 /* ProfileView.swift */,
			);
			path = Views;
			sourceTree = "<group>";
		};
		FEDF30E52997CCD700FF1859 /* ViewModels */ = {
			isa = PBXGroup;
			children = (
				FEDF30E32997CCD100FF1859 /* SplashScreenViewModel.swift */,
				FECF0D8929A794050023CD27 /* SignInViewModel.swift */,
			);
			path = ViewModels;
			sourceTree = "<group>";
		};
/* End PBXGroup section */

/* Begin PBXNativeTarget section */
		FE7CC2DD2997C9D200F66E82 /* Haveto */ = {
			isa = PBXNativeTarget;
			buildConfigurationList = FE7CC3022997C9D300F66E82 /* Build configuration list for PBXNativeTarget "Haveto" */;
			buildPhases = (
				FE7CC2DA2997C9D200F66E82 /* Sources */,
				FE7CC2DB2997C9D200F66E82 /* Frameworks */,
				FE7CC2DC2997C9D200F66E82 /* Resources */,
			);
			buildRules = (
			);
			dependencies = (
			);
			name = Haveto;
			packageProductDependencies = (
				FECF0D8429A786CB0023CD27 /* FirebaseAuth */,
				FECF0D9529A7B78C0023CD27 /* GoogleSignIn */,
				FECF0D9729A7B78C0023CD27 /* GoogleSignInSwift */,
			);
			productName = Haveto;
			productReference = FE7CC2DE2997C9D200F66E82 /* Haveto.app */;
			productType = "com.apple.product-type.application";
		};
		FE7CC2ED2997C9D300F66E82 /* HavetoTests */ = {
			isa = PBXNativeTarget;
			buildConfigurationList = FE7CC3052997C9D300F66E82 /* Build configuration list for PBXNativeTarget "HavetoTests" */;
			buildPhases = (
				FE7CC2EA2997C9D300F66E82 /* Sources */,
				FE7CC2EB2997C9D300F66E82 /* Frameworks */,
				FE7CC2EC2997C9D300F66E82 /* Resources */,
			);
			buildRules = (
			);
			dependencies = (
				FE7CC2F02997C9D300F66E82 /* PBXTargetDependency */,
			);
			name = HavetoTests;
			productName = HavetoTests;
			productReference = FE7CC2EE2997C9D300F66E82 /* HavetoTests.xctest */;
			productType = "com.apple.product-type.bundle.unit-test";
		};
		FE7CC2F72997C9D300F66E82 /* HavetoUITests */ = {
			isa = PBXNativeTarget;
			buildConfigurationList = FE7CC3082997C9D300F66E82 /* Build configuration list for PBXNativeTarget "HavetoUITests" */;
			buildPhases = (
				FE7CC2F42997C9D300F66E82 /* Sources */,
				FE7CC2F52997C9D300F66E82 /* Frameworks */,
				FE7CC2F62997C9D300F66E82 /* Resources */,
			);
			buildRules = (
			);
			dependencies = (
				FE7CC2FA2997C9D300F66E82 /* PBXTargetDependency */,
			);
			name = HavetoUITests;
			productName = HavetoUITests;
			productReference = FE7CC2F82997C9D300F66E82 /* HavetoUITests.xctest */;
			productType = "com.apple.product-type.bundle.ui-testing";
		};
/* End PBXNativeTarget section */

/* Begin PBXProject section */
		FE7CC2D62997C9D200F66E82 /* Project object */ = {
			isa = PBXProject;
			attributes = {
				BuildIndependentTargetsInParallel = 1;
				LastSwiftUpdateCheck = 1420;
				LastUpgradeCheck = 1420;
				TargetAttributes = {
					FE7CC2DD2997C9D200F66E82 = {
						CreatedOnToolsVersion = 14.2;
					};
					FE7CC2ED2997C9D300F66E82 = {
						CreatedOnToolsVersion = 14.2;
						TestTargetID = FE7CC2DD2997C9D200F66E82;
					};
					FE7CC2F72997C9D300F66E82 = {
						CreatedOnToolsVersion = 14.2;
						TestTargetID = FE7CC2DD2997C9D200F66E82;
					};
				};
			};
			buildConfigurationList = FE7CC2D92997C9D200F66E82 /* Build configuration list for PBXProject "Haveto" */;
			compatibilityVersion = "Xcode 14.0";
			developmentRegion = en;
			hasScannedForEncodings = 0;
			knownRegions = (
				en,
				Base,
			);
			mainGroup = FE7CC2D52997C9D200F66E82;
			packageReferences = (
				FECF0D8329A786CB0023CD27 /* XCRemoteSwiftPackageReference "firebase-ios-sdk" */,
				FECF0D9429A7B78C0023CD27 /* XCRemoteSwiftPackageReference "GoogleSignIn-iOS" */,
			);
			productRefGroup = FE7CC2DF2997C9D200F66E82 /* Products */;
			projectDirPath = "";
			projectRoot = "";
			targets = (
				FE7CC2DD2997C9D200F66E82 /* Haveto */,
				FE7CC2ED2997C9D300F66E82 /* HavetoTests */,
				FE7CC2F72997C9D300F66E82 /* HavetoUITests */,
			);
		};
/* End PBXProject section */

/* Begin PBXResourcesBuildPhase section */
		FE7CC2DC2997C9D200F66E82 /* Resources */ = {
			isa = PBXResourcesBuildPhase;
			buildActionMask = 2147483647;
			files = (
				FE7CC2E92997C9D300F66E82 /* Preview Assets.xcassets in Resources */,
				FE7CC2E62997C9D300F66E82 /* Assets.xcassets in Resources */,
				FECF0D8729A787280023CD27 /* GoogleService-Info.plist in Resources */,
			);
			runOnlyForDeploymentPostprocessing = 0;
		};
		FE7CC2EC2997C9D300F66E82 /* Resources */ = {
			isa = PBXResourcesBuildPhase;
			buildActionMask = 2147483647;
			files = (
			);
			runOnlyForDeploymentPostprocessing = 0;
		};
		FE7CC2F62997C9D300F66E82 /* Resources */ = {
			isa = PBXResourcesBuildPhase;
			buildActionMask = 2147483647;
			files = (
			);
			runOnlyForDeploymentPostprocessing = 0;
		};
/* End PBXResourcesBuildPhase section */

/* Begin PBXSourcesBuildPhase section */
		FE7CC2DA2997C9D200F66E82 /* Sources */ = {
			isa = PBXSourcesBuildPhase;
			buildActionMask = 2147483647;
			files = (
				FEDF30E72997D13500FF1859 /* SearchView.swift in Sources */,
				FECF0D7D29A773E40023CD27 /* SignInView.swift in Sources */,
				FECF0D9A29A7B8560023CD27 /* HomeView.swift in Sources */,
				FE7CC2E42997C9D200F66E82 /* ContentView.swift in Sources */,
				FEDF30E42997CCD100FF1859 /* SplashScreenViewModel.swift in Sources */,
				FECF0D8A29A794050023CD27 /* SignInViewModel.swift in Sources */,
				FE7CC2E22997C9D200F66E82 /* HavetoApp.swift in Sources */,
				FEDF30E92997D14600FF1859 /* ProfileView.swift in Sources */,
				FEDF30E22997CC9600FF1859 /* SplashScreenView.swift in Sources */,
			);
			runOnlyForDeploymentPostprocessing = 0;
		};
		FE7CC2EA2997C9D300F66E82 /* Sources */ = {
			isa = PBXSourcesBuildPhase;
			buildActionMask = 2147483647;
			files = (
				FE7CC2F32997C9D300F66E82 /* HavetoTests.swift in Sources */,
			);
			runOnlyForDeploymentPostprocessing = 0;
		};
		FE7CC2F42997C9D300F66E82 /* Sources */ = {
			isa = PBXSourcesBuildPhase;
			buildActionMask = 2147483647;
			files = (
				FE7CC2FD2997C9D300F66E82 /* HavetoUITests.swift in Sources */,
				FE7CC2FF2997C9D300F66E82 /* HavetoUITestsLaunchTests.swift in Sources */,
			);
			runOnlyForDeploymentPostprocessing = 0;
		};
/* End PBXSourcesBuildPhase section */

/* Begin PBXTargetDependency section */
		FE7CC2F02997C9D300F66E82 /* PBXTargetDependency */ = {
			isa = PBXTargetDependency;
			target = FE7CC2DD2997C9D200F66E82 /* Haveto */;
			targetProxy = FE7CC2EF2997C9D300F66E82 /* PBXContainerItemProxy */;
		};
		FE7CC2FA2997C9D300F66E82 /* PBXTargetDependency */ = {
			isa = PBXTargetDependency;
			target = FE7CC2DD2997C9D200F66E82 /* Haveto */;
			targetProxy = FE7CC2F92997C9D300F66E82 /* PBXContainerItemProxy */;
		};
/* End PBXTargetDependency section */

/* Begin XCBuildConfiguration section */
		FE7CC3002997C9D300F66E82 /* Debug */ = {
			isa = XCBuildConfiguration;
			buildSettings = {
				ALWAYS_SEARCH_USER_PATHS = NO;
				CLANG_ANALYZER_NONNULL = YES;
				CLANG_ANALYZER_NUMBER_OBJECT_CONVERSION = YES_AGGRESSIVE;
				CLANG_CXX_LANGUAGE_STANDARD = "gnu++20";
				CLANG_ENABLE_MODULES = YES;
				CLANG_ENABLE_OBJC_ARC = YES;
				CLANG_ENABLE_OBJC_WEAK = YES;
				CLANG_WARN_BLOCK_CAPTURE_AUTORELEASING = YES;
				CLANG_WARN_BOOL_CONVERSION = YES;
				CLANG_WARN_COMMA = YES;
				CLANG_WARN_CONSTANT_CONVERSION = YES;
				CLANG_WARN_DEPRECATED_OBJC_IMPLEMENTATIONS = YES;
				CLANG_WARN_DIRECT_OBJC_ISA_USAGE = YES_ERROR;
				CLANG_WARN_DOCUMENTATION_COMMENTS = YES;
				CLANG_WARN_EMPTY_BODY = YES;
				CLANG_WARN_ENUM_CONVERSION = YES;
				CLANG_WARN_INFINITE_RECURSION = YES;
				CLANG_WARN_INT_CONVERSION = YES;
				CLANG_WARN_NON_LITERAL_NULL_CONVERSION = YES;
				CLANG_WARN_OBJC_IMPLICIT_RETAIN_SELF = YES;
				CLANG_WARN_OBJC_LITERAL_CONVERSION = YES;
				CLANG_WARN_OBJC_ROOT_CLASS = YES_ERROR;
				CLANG_WARN_QUOTED_INCLUDE_IN_FRAMEWORK_HEADER = YES;
				CLANG_WARN_RANGE_LOOP_ANALYSIS = YES;
				CLANG_WARN_STRICT_PROTOTYPES = YES;
				CLANG_WARN_SUSPICIOUS_MOVE = YES;
				CLANG_WARN_UNGUARDED_AVAILABILITY = YES_AGGRESSIVE;
				CLANG_WARN_UNREACHABLE_CODE = YES;
				CLANG_WARN__DUPLICATE_METHOD_MATCH = YES;
				COPY_PHASE_STRIP = NO;
				DEBUG_INFORMATION_FORMAT = dwarf;
				ENABLE_STRICT_OBJC_MSGSEND = YES;
				ENABLE_TESTABILITY = YES;
				GCC_C_LANGUAGE_STANDARD = gnu11;
				GCC_DYNAMIC_NO_PIC = NO;
				GCC_NO_COMMON_BLOCKS = YES;
				GCC_OPTIMIZATION_LEVEL = 0;
				GCC_PREPROCESSOR_DEFINITIONS = (
					"DEBUG=1",
					"$(inherited)",
				);
				GCC_WARN_64_TO_32_BIT_CONVERSION = YES;
				GCC_WARN_ABOUT_RETURN_TYPE = YES_ERROR;
				GCC_WARN_UNDECLARED_SELECTOR = YES;
				GCC_WARN_UNINITIALIZED_AUTOS = YES_AGGRESSIVE;
				GCC_WARN_UNUSED_FUNCTION = YES;
				GCC_WARN_UNUSED_VARIABLE = YES;
				IPHONEOS_DEPLOYMENT_TARGET = 16.2;
				MTL_ENABLE_DEBUG_INFO = INCLUDE_SOURCE;
				MTL_FAST_MATH = YES;
				ONLY_ACTIVE_ARCH = YES;
				SDKROOT = iphoneos;
				SWIFT_ACTIVE_COMPILATION_CONDITIONS = DEBUG;
				SWIFT_OPTIMIZATION_LEVEL = "-Onone";
			};
			name = Debug;
		};
		FE7CC3012997C9D300F66E82 /* Release */ = {
			isa = XCBuildConfiguration;
			buildSettings = {
				ALWAYS_SEARCH_USER_PATHS = NO;
				CLANG_ANALYZER_NONNULL = YES;
				CLANG_ANALYZER_NUMBER_OBJECT_CONVERSION = YES_AGGRESSIVE;
				CLANG_CXX_LANGUAGE_STANDARD = "gnu++20";
				CLANG_ENABLE_MODULES = YES;
				CLANG_ENABLE_OBJC_ARC = YES;
				CLANG_ENABLE_OBJC_WEAK = YES;
				CLANG_WARN_BLOCK_CAPTURE_AUTORELEASING = YES;
				CLANG_WARN_BOOL_CONVERSION = YES;
				CLANG_WARN_COMMA = YES;
				CLANG_WARN_CONSTANT_CONVERSION = YES;
				CLANG_WARN_DEPRECATED_OBJC_IMPLEMENTATIONS = YES;
				CLANG_WARN_DIRECT_OBJC_ISA_USAGE = YES_ERROR;
				CLANG_WARN_DOCUMENTATION_COMMENTS = YES;
				CLANG_WARN_EMPTY_BODY = YES;
				CLANG_WARN_ENUM_CONVERSION = YES;
				CLANG_WARN_INFINITE_RECURSION = YES;
				CLANG_WARN_INT_CONVERSION = YES;
				CLANG_WARN_NON_LITERAL_NULL_CONVERSION = YES;
				CLANG_WARN_OBJC_IMPLICIT_RETAIN_SELF = YES;
				CLANG_WARN_OBJC_LITERAL_CONVERSION = YES;
				CLANG_WARN_OBJC_ROOT_CLASS = YES_ERROR;
				CLANG_WARN_QUOTED_INCLUDE_IN_FRAMEWORK_HEADER = YES;
				CLANG_WARN_RANGE_LOOP_ANALYSIS = YES;
				CLANG_WARN_STRICT_PROTOTYPES = YES;
				CLANG_WARN_SUSPICIOUS_MOVE = YES;
				CLANG_WARN_UNGUARDED_AVAILABILITY = YES_AGGRESSIVE;
				CLANG_WARN_UNREACHABLE_CODE = YES;
				CLANG_WARN__DUPLICATE_METHOD_MATCH = YES;
				COPY_PHASE_STRIP = NO;
				DEBUG_INFORMATION_FORMAT = "dwarf-with-dsym";
				ENABLE_NS_ASSERTIONS = NO;
				ENABLE_STRICT_OBJC_MSGSEND = YES;
				GCC_C_LANGUAGE_STANDARD = gnu11;
				GCC_NO_COMMON_BLOCKS = YES;
				GCC_WARN_64_TO_32_BIT_CONVERSION = YES;
				GCC_WARN_ABOUT_RETURN_TYPE = YES_ERROR;
				GCC_WARN_UNDECLARED_SELECTOR = YES;
				GCC_WARN_UNINITIALIZED_AUTOS = YES_AGGRESSIVE;
				GCC_WARN_UNUSED_FUNCTION = YES;
				GCC_WARN_UNUSED_VARIABLE = YES;
				IPHONEOS_DEPLOYMENT_TARGET = 16.2;
				MTL_ENABLE_DEBUG_INFO = NO;
				MTL_FAST_MATH = YES;
				SDKROOT = iphoneos;
				SWIFT_COMPILATION_MODE = wholemodule;
				SWIFT_OPTIMIZATION_LEVEL = "-O";
				VALIDATE_PRODUCT = YES;
			};
			name = Release;
		};
		FE7CC3032997C9D300F66E82 /* Debug */ = {
			isa = XCBuildConfiguration;
			buildSettings = {
				ASSETCATALOG_COMPILER_APPICON_NAME = AppIcon;
				ASSETCATALOG_COMPILER_GLOBAL_ACCENT_COLOR_NAME = AccentColor;
				CODE_SIGN_STYLE = Automatic;
				CURRENT_PROJECT_VERSION = 1;
				DEVELOPMENT_ASSET_PATHS = "\"Haveto/Preview Content\"";
				DEVELOPMENT_TEAM = 767DT3Q3RN;
				ENABLE_PREVIEWS = YES;
				GENERATE_INFOPLIST_FILE = YES;
				INFOPLIST_FILE = Haveto/Info.plist;
				INFOPLIST_KEY_UIApplicationSceneManifest_Generation = YES;
				INFOPLIST_KEY_UIApplicationSupportsIndirectInputEvents = YES;
				INFOPLIST_KEY_UILaunchScreen_Generation = YES;
				INFOPLIST_KEY_UISupportedInterfaceOrientations_iPad = "UIInterfaceOrientationPortrait UIInterfaceOrientationPortraitUpsideDown UIInterfaceOrientationLandscapeLeft UIInterfaceOrientationLandscapeRight";
				INFOPLIST_KEY_UISupportedInterfaceOrientations_iPhone = "UIInterfaceOrientationPortrait UIInterfaceOrientationLandscapeLeft UIInterfaceOrientationLandscapeRight";
				LD_RUNPATH_SEARCH_PATHS = (
					"$(inherited)",
					"@executable_path/Frameworks",
				);
				MARKETING_VERSION = 1.0;
				PRODUCT_BUNDLE_IDENTIFIER = com.postnikova.Haveto;
				PRODUCT_NAME = Haveto;
				SWIFT_EMIT_LOC_STRINGS = YES;
				SWIFT_VERSION = 5.0;
				TARGETED_DEVICE_FAMILY = "1,2";
			};
			name = Debug;
		};
		FE7CC3042997C9D300F66E82 /* Release */ = {
			isa = XCBuildConfiguration;
			buildSettings = {
				ASSETCATALOG_COMPILER_APPICON_NAME = AppIcon;
				ASSETCATALOG_COMPILER_GLOBAL_ACCENT_COLOR_NAME = AccentColor;
				CODE_SIGN_STYLE = Automatic;
				CURRENT_PROJECT_VERSION = 1;
				DEVELOPMENT_ASSET_PATHS = "\"Haveto/Preview Content\"";
				DEVELOPMENT_TEAM = 767DT3Q3RN;
				ENABLE_PREVIEWS = YES;
				GENERATE_INFOPLIST_FILE = YES;
				INFOPLIST_FILE = Haveto/Info.plist;
				INFOPLIST_KEY_UIApplicationSceneManifest_Generation = YES;
				INFOPLIST_KEY_UIApplicationSupportsIndirectInputEvents = YES;
				INFOPLIST_KEY_UILaunchScreen_Generation = YES;
				INFOPLIST_KEY_UISupportedInterfaceOrientations_iPad = "UIInterfaceOrientationPortrait UIInterfaceOrientationPortraitUpsideDown UIInterfaceOrientationLandscapeLeft UIInterfaceOrientationLandscapeRight";
				INFOPLIST_KEY_UISupportedInterfaceOrientations_iPhone = "UIInterfaceOrientationPortrait UIInterfaceOrientationLandscapeLeft UIInterfaceOrientationLandscapeRight";
				LD_RUNPATH_SEARCH_PATHS = (
					"$(inherited)",
					"@executable_path/Frameworks",
				);
				MARKETING_VERSION = 1.0;
				PRODUCT_BUNDLE_IDENTIFIER = com.postnikova.Haveto;
				PRODUCT_NAME = Haveto;
				SWIFT_EMIT_LOC_STRINGS = YES;
				SWIFT_VERSION = 5.0;
				TARGETED_DEVICE_FAMILY = "1,2";
			};
			name = Release;
		};
		FE7CC3062997C9D300F66E82 /* Debug */ = {
			isa = XCBuildConfiguration;
			buildSettings = {
				ALWAYS_EMBED_SWIFT_STANDARD_LIBRARIES = YES;
				BUNDLE_LOADER = "$(TEST_HOST)";
				CODE_SIGN_STYLE = Automatic;
				CURRENT_PROJECT_VERSION = 1;
				DEVELOPMENT_TEAM = 767DT3Q3RN;
				GENERATE_INFOPLIST_FILE = YES;
				IPHONEOS_DEPLOYMENT_TARGET = 16.2;
				MARKETING_VERSION = 1.0;
				PRODUCT_BUNDLE_IDENTIFIER = com.postnikova.HavetoTests;
				PRODUCT_NAME = "$(TARGET_NAME)";
				SWIFT_EMIT_LOC_STRINGS = NO;
				SWIFT_VERSION = 5.0;
				TARGETED_DEVICE_FAMILY = "1,2";
				TEST_HOST = "$(BUILT_PRODUCTS_DIR)/Haveto.app/$(BUNDLE_EXECUTABLE_FOLDER_PATH)/Haveto";
			};
			name = Debug;
		};
		FE7CC3072997C9D300F66E82 /* Release */ = {
			isa = XCBuildConfiguration;
			buildSettings = {
				ALWAYS_EMBED_SWIFT_STANDARD_LIBRARIES = YES;
				BUNDLE_LOADER = "$(TEST_HOST)";
				CODE_SIGN_STYLE = Automatic;
				CURRENT_PROJECT_VERSION = 1;
				DEVELOPMENT_TEAM = 767DT3Q3RN;
				GENERATE_INFOPLIST_FILE = YES;
				IPHONEOS_DEPLOYMENT_TARGET = 16.2;
				MARKETING_VERSION = 1.0;
				PRODUCT_BUNDLE_IDENTIFIER = com.postnikova.HavetoTests;
				PRODUCT_NAME = "$(TARGET_NAME)";
				SWIFT_EMIT_LOC_STRINGS = NO;
				SWIFT_VERSION = 5.0;
				TARGETED_DEVICE_FAMILY = "1,2";
				TEST_HOST = "$(BUILT_PRODUCTS_DIR)/Haveto.app/$(BUNDLE_EXECUTABLE_FOLDER_PATH)/Haveto";
			};
			name = Release;
		};
		FE7CC3092997C9D300F66E82 /* Debug */ = {
			isa = XCBuildConfiguration;
			buildSettings = {
				ALWAYS_EMBED_SWIFT_STANDARD_LIBRARIES = YES;
				CODE_SIGN_STYLE = Automatic;
				CURRENT_PROJECT_VERSION = 1;
				DEVELOPMENT_TEAM = 767DT3Q3RN;
				GENERATE_INFOPLIST_FILE = YES;
				MARKETING_VERSION = 1.0;
				PRODUCT_BUNDLE_IDENTIFIER = com.postnikova.HavetoUITests;
				PRODUCT_NAME = "$(TARGET_NAME)";
				SWIFT_EMIT_LOC_STRINGS = NO;
				SWIFT_VERSION = 5.0;
				TARGETED_DEVICE_FAMILY = "1,2";
				TEST_TARGET_NAME = Haveto;
			};
			name = Debug;
		};
		FE7CC30A2997C9D300F66E82 /* Release */ = {
			isa = XCBuildConfiguration;
			buildSettings = {
				ALWAYS_EMBED_SWIFT_STANDARD_LIBRARIES = YES;
				CODE_SIGN_STYLE = Automatic;
				CURRENT_PROJECT_VERSION = 1;
				DEVELOPMENT_TEAM = 767DT3Q3RN;
				GENERATE_INFOPLIST_FILE = YES;
				MARKETING_VERSION = 1.0;
				PRODUCT_BUNDLE_IDENTIFIER = com.postnikova.HavetoUITests;
				PRODUCT_NAME = "$(TARGET_NAME)";
				SWIFT_EMIT_LOC_STRINGS = NO;
				SWIFT_VERSION = 5.0;
				TARGETED_DEVICE_FAMILY = "1,2";
				TEST_TARGET_NAME = Haveto;
			};
			name = Release;
		};
/* End XCBuildConfiguration section */

/* Begin XCConfigurationList section */
		FE7CC2D92997C9D200F66E82 /* Build configuration list for PBXProject "Haveto" */ = {
			isa = XCConfigurationList;
			buildConfigurations = (
				FE7CC3002997C9D300F66E82 /* Debug */,
				FE7CC3012997C9D300F66E82 /* Release */,
			);
			defaultConfigurationIsVisible = 0;
			defaultConfigurationName = Release;
		};
		FE7CC3022997C9D300F66E82 /* Build configuration list for PBXNativeTarget "Haveto" */ = {
			isa = XCConfigurationList;
			buildConfigurations = (
				FE7CC3032997C9D300F66E82 /* Debug */,
				FE7CC3042997C9D300F66E82 /* Release */,
			);
			defaultConfigurationIsVisible = 0;
			defaultConfigurationName = Release;
		};
		FE7CC3052997C9D300F66E82 /* Build configuration list for PBXNativeTarget "HavetoTests" */ = {
			isa = XCConfigurationList;
			buildConfigurations = (
				FE7CC3062997C9D300F66E82 /* Debug */,
				FE7CC3072997C9D300F66E82 /* Release */,
			);
			defaultConfigurationIsVisible = 0;
			defaultConfigurationName = Release;
		};
		FE7CC3082997C9D300F66E82 /* Build configuration list for PBXNativeTarget "HavetoUITests" */ = {
			isa = XCConfigurationList;
			buildConfigurations = (
				FE7CC3092997C9D300F66E82 /* Debug */,
				FE7CC30A2997C9D300F66E82 /* Release */,
			);
			defaultConfigurationIsVisible = 0;
			defaultConfigurationName = Release;
		};
/* End XCConfigurationList section */

/* Begin XCRemoteSwiftPackageReference section */
		FECF0D8329A786CB0023CD27 /* XCRemoteSwiftPackageReference "firebase-ios-sdk" */ = {
			isa = XCRemoteSwiftPackageReference;
			repositoryURL = "https://github.com/firebase/firebase-ios-sdk";
			requirement = {
				kind = upToNextMajorVersion;
				minimumVersion = 9.0.0;
			};
		};
		FECF0D9429A7B78C0023CD27 /* XCRemoteSwiftPackageReference "GoogleSignIn-iOS" */ = {
			isa = XCRemoteSwiftPackageReference;
			repositoryURL = "https://github.com/google/GoogleSignIn-iOS";
			requirement = {
				kind = upToNextMajorVersion;
				minimumVersion = 6.1.0;
			};
		};
/* End XCRemoteSwiftPackageReference section */

/* Begin XCSwiftPackageProductDependency section */
		FECF0D8429A786CB0023CD27 /* FirebaseAuth */ = {
			isa = XCSwiftPackageProductDependency;
			package = FECF0D8329A786CB0023CD27 /* XCRemoteSwiftPackageReference "firebase-ios-sdk" */;
			productName = FirebaseAuth;
		};
		FECF0D9529A7B78C0023CD27 /* GoogleSignIn */ = {
			isa = XCSwiftPackageProductDependency;
			package = FECF0D9429A7B78C0023CD27 /* XCRemoteSwiftPackageReference "GoogleSignIn-iOS" */;
			productName = GoogleSignIn;
		};
		FECF0D9729A7B78C0023CD27 /* GoogleSignInSwift */ = {
			isa = XCSwiftPackageProductDependency;
			package = FECF0D9429A7B78C0023CD27 /* XCRemoteSwiftPackageReference "GoogleSignIn-iOS" */;
			productName = GoogleSignInSwift;
		};
/* End XCSwiftPackageProductDependency section */
	};
	rootObject = FE7CC2D62997C9D200F66E82 /* Project object */;
}
